
Microsoft Visual Studio Solution File, Format Version 12.00
# Visual Studio Version 16
VisualStudioVersion = 16.0.31129.286
MinimumVisualStudioVersion = 10.0.40219.1
Project("{FAE04EC0-301F-11D3-BF4B-00C04F79EFBC}") = "GitProjectManagerApi", "GitProjectManagerApi\GitProjectManagerApi.csproj", "{FCC5F42D-7D4D-442E-8E3B-3EB9591A792E}"
EndProject
Global
	GlobalSection(SolutionConfigurationPlatforms) = preSolution
		Debug|Any CPU = Debug|Any CPU
		Release|Any CPU = Release|Any CPU
	EndGlobalSection
	GlobalSection(ProjectConfigurationPlatforms) = postSolution
		{FCC5F42D-7D4D-442E-8E3B-3EB9591A792E}.Debug|Any CPU.ActiveCfg = Debug|Any CPU
		{FCC5F42D-7D4D-442E-8E3B-3EB9591A792E}.Debug|Any CPU.Build.0 = Debug|Any CPU
		{FCC5F42D-7D4D-442E-8E3B-3EB9591A792E}.Release|Any CPU.ActiveCfg = Release|Any CPU
		{FCC5F42D-7D4D-442E-8E3B-3EB9591A792E}.Release|Any CPU.Build.0 = Release|Any CPU
	EndGlobalSection
	GlobalSection(SolutionProperties) = preSolution
		HideSolutionNode = FALSE
	EndGlobalSection
	GlobalSection(ExtensibilityGlobals) = postSolution
		SolutionGuid = {D71D7AB0-E7C6-47ED-B83C-FD609EC46EFA}
	EndGlobalSection
EndGlobal
